Microsoft Visual Studio Solution File, Format Version 12.00
# Visual Studio Version 17
VisualStudioVersion = 17.5.2.0
MinimumVisualStudioVersion = 10.0.40219.1
Project("{FAE04EC0-301F-11D3-BF4B-00C04F79EFBC}") = "WavenVoIP", "WavenVoIP\WavenVoIP.csproj", "{FD07236B-6724-0944-B92A-1DE0E98F15B7}"
EndProject
Project("{FAE04EC0-301F-11D3-BF4B-00C04F79EFBC}") = "WavenUpdater", "WavenUpdater\WavenUpdater.csproj", "{C2A8E4F6-1B3D-5E7F-9A0B-2C4D6E8F1A3B}"
EndProject
Project("{FAE04EC0-301F-11D3-BF4B-00C04F79EFBC}") = "WavenApi", "WavenApi\WavenApi.csproj", "{A1B2C3D4-E5F6-7890-ABCD-EF1234567890}"
EndProject
Global
	GlobalSection(SolutionConfigurationPlatforms) = preSolution
		Debug|Any CPU = Debug|Any CPU
		Release|Any CPU = Release|Any CPU
	EndGlobalSection
	GlobalSection(ProjectConfigurationPlatforms) = postSolution
		{FD07236B-6724-0944-B92A-1DE0E98F15B7}.Debug|Any CPU.ActiveCfg = Debug|Any CPU
		{FD07236B-6724-0944-B92A-1DE0E98F15B7}.Debug|Any CPU.Build.0 = Debug|Any CPU
		{FD07236B-6724-0944-B92A-1DE0E98F15B7}.Release|Any CPU.ActiveCfg = Release|Any CPU
		{FD07236B-6724-0944-B92A-1DE0E98F15B7}.Release|Any CPU.Build.0 = Release|Any CPU
		{C2A8E4F6-1B3D-5E7F-9A0B-2C4D6E8F1A3B}.Debug|Any CPU.ActiveCfg = Debug|Any CPU
		{C2A8E4F6-1B3D-5E7F-9A0B-2C4D6E8F1A3B}.Debug|Any CPU.Build.0 = Debug|Any CPU
		{C2A8E4F6-1B3D-5E7F-9A0B-2C4D6E8F1A3B}.Release|Any CPU.ActiveCfg = Release|Any CPU
		{C2A8E4F6-1B3D-5E7F-9A0B-2C4D6E8F1A3B}.Release|Any CPU.Build.0 = Release|Any CPU
		{A1B2C3D4-E5F6-7890-ABCD-EF1234567890}.Debug|Any CPU.ActiveCfg = Debug|Any CPU
		{A1B2C3D4-E5F6-7890-ABCD-EF1234567890}.Debug|Any CPU.Build.0 = Debug|Any CPU
		{A1B2C3D4-E5F6-7890-ABCD-EF1234567890}.Release|Any CPU.ActiveCfg = Release|Any CPU
		{A1B2C3D4-E5F6-7890-ABCD-EF1234567890}.Release|Any CPU.Build.0 = Release|Any CPU
	EndGlobalSection
	GlobalSection(SolutionProperties) = preSolution
		HideSolutionNode = FALSE
	EndGlobalSection
	GlobalSection(ExtensibilityGlobals) = postSolution
		SolutionGuid = {6D4A49A2-E875-4ACB-B27F-AAA02AC97809}
	EndGlobalSection
EndGlobal
